
Microsoft Visual Studio Solution File, Format Version 12.00
# Visual Studio Version 17
VisualStudioVersion = 17.9.34622.214
MinimumVisualStudioVersion = 10.0.40219.1
Project("{FAE04EC0-301F-11D3-BF4B-00C04F79EFBC}") = "Final1", "Final1\Final1.csproj", "{290C61F4-9C0D-46CB-A4DB-5F774E9C967E}"
EndProject
Global
	GlobalSection(SolutionConfigurationPlatforms) = preSolution
		Debug|Any CPU = Debug|Any CPU
		Release|Any CPU = Release|Any CPU
	EndGlobalSection
	GlobalSection(ProjectConfigurationPlatforms) = postSolution
		{290C61F4-9C0D-46CB-A4DB-5F774E9C967E}.Debug|Any CPU.ActiveCfg = Debug|Any CPU
		{290C61F4-9C0D-46CB-A4DB-5F774E9C967E}.Debug|Any CPU.Build.0 = Debug|Any CPU
		{290C61F4-9C0D-46CB-A4DB-5F774E9C967E}.Release|Any CPU.ActiveCfg = Release|Any CPU
		{290C61F4-9C0D-46CB-A4DB-5F774E9C967E}.Release|Any CPU.Build.0 = Release|Any CPU
	EndGlobalSection
	GlobalSection(SolutionProperties) = preSolution
		HideSolutionNode = FALSE
	EndGlobalSection
	GlobalSection(ExtensibilityGlobals) = postSolution
		SolutionGuid = {C8EE14A7-11FE-4AEF-9B2E-EE8491850ABE}
	EndGlobalSection
EndGlobal
